
Microsoft Visual Studio Solution File, Format Version 12.00
# Visual Studio 14
VisualStudioVersion = 14.0.25420.1
MinimumVisualStudioVersion = 10.0.40219.1
Project("{FAE04EC0-301F-11D3-BF4B-00C04F79EFBC}") = "FutebolTempoRealApp.Droid", "FutebolTempoRealApp\FutebolTempoRealApp.Droid\FutebolTempoRealApp.Droid.csproj", "{6A02F90F-BF8E-4717-B957-E5C41067CF40}"
EndProject
Project("{FAE04EC0-301F-11D3-BF4B-00C04F79EFBC}") = "FutebolTempoRealApp.iOS", "FutebolTempoRealApp\FutebolTempoRealApp.iOS\FutebolTempoRealApp.iOS.csproj", "{00E9C10D-BDA5-42E0-9143-5381A31359D9}"
EndProject
Project("{FAE04EC0-301F-11D3-BF4B-00C04F79EFBC}") = "FutebolTempoRealApp.WinPhone", "FutebolTempoRealApp\FutebolTempoRealApp.WinPhone\FutebolTempoRealApp.WinPhone.csproj", "{98D92EE1-3000-4F72-85A2-F4DB04CCC552}"
EndProject
Project("{D954291E-2A0B-460D-934E-DC6B0785DB48}") = "FutebolTempoRealApp", "FutebolTempoRealApp\FutebolTempoRealApp\FutebolTempoRealApp.shproj", "{88B2A37D-69B1-4D3C-9485-821219AF778A}"
EndProject
Global
	GlobalSection(SharedMSBuildProjectFiles) = preSolution
		FutebolTempoRealApp\FutebolTempoRealApp\FutebolTempoRealApp.projitems*{88b2a37d-69b1-4d3c-9485-821219af778a}*SharedItemsImports = 13
	EndGlobalSection
	GlobalSection(SolutionConfigurationPlatforms) = preSolution
		Debug|Any CPU = Debug|Any CPU
		Debug|ARM = Debug|ARM
		Debug|iPhone = Debug|iPhone
		Debug|iPhoneSimulator = Debug|iPhoneSimulator
		Debug|x86 = Debug|x86
		Release|Any CPU = Release|Any CPU
		Release|ARM = Release|ARM
		Release|iPhone = Release|iPhone
		Release|iPhoneSimulator = Release|iPhoneSimulator
		Release|x86 = Release|x86
	EndGlobalSection
	GlobalSection(ProjectConfigurationPlatforms) = postSolution
		{6A02F90F-BF8E-4717-B957-E5C41067CF40}.Debug|Any CPU.ActiveCfg = Debug|Any CPU
		{6A02F90F-BF8E-4717-B957-E5C41067CF40}.Debug|Any CPU.Build.0 = Debug|Any CPU
		{6A02F90F-BF8E-4717-B957-E5C41067CF40}.Debug|Any CPU.Deploy.0 = Debug|Any CPU
		{6A02F90F-BF8E-4717-B957-E5C41067CF40}.Debug|ARM.ActiveCfg = Debug|Any CPU
		{6A02F90F-BF8E-4717-B957-E5C41067CF40}.Debug|ARM.Build.0 = Debug|Any CPU
		{6A02F90F-BF8E-4717-B957-E5C41067CF40}.Debug|ARM.Deploy.0 = Debug|Any CPU
		{6A02F90F-BF8E-4717-B957-E5C41067CF40}.Debug|iPhone.ActiveCfg = Debug|Any CPU
		{6A02F90F-BF8E-4717-B957-E5C41067CF40}.Debug|iPhone.Build.0 = Debug|Any CPU
		{6A02F90F-BF8E-4717-B957-E5C41067CF40}.Debug|iPhone.Deploy.0 = Debug|Any CPU
		{6A02F90F-BF8E-4717-B957-E5C41067CF40}.Debug|iPhoneSimulator.ActiveCfg = Debug|Any CPU
		{6A02F90F-BF8E-4717-B957-E5C41067CF40}.Debug|iPhoneSimulator.Build.0 = Debug|Any CPU
		{6A02F90F-BF8E-4717-B957-E5C41067CF40}.Debug|iPhoneSimulator.Deploy.0 = Debug|Any CPU
		{6A02F90F-BF8E-4717-B957-E5C41067CF40}.Debug|x86.ActiveCfg = Debug|Any CPU
		{6A02F90F-BF8E-4717-B957-E5C41067CF40}.Debug|x86.Build.0 = Debug|Any CPU
		{6A02F90F-BF8E-4717-B957-E5C41067CF40}.Debug|x86.Deploy.0 = Debug|Any CPU
		{6A02F90F-BF8E-4717-B957-E5C41067CF40}.Release|Any CPU.ActiveCfg = Release|Any CPU
		{6A02F90F-BF8E-4717-B957-E5C41067CF40}.Release|Any CPU.Build.0 = Release|Any CPU
		{6A02F90F-BF8E-4717-B957-E5C41067CF40}.Release|Any CPU.Deploy.0 = Release|Any CPU
		{6A02F90F-BF8E-4717-B957-E5C41067CF40}.Release|ARM.ActiveCfg = Release|Any CPU
		{6A02F90F-BF8E-4717-B957-E5C41067CF40}.Release|ARM.Build.0 = Release|Any CPU
		{6A02F90F-BF8E-4717-B957-E5C41067CF40}.Release|ARM.Deploy.0 = Release|Any CPU
		{6A02F90F-BF8E-4717-B957-E5C41067CF40}.Release|iPhone.ActiveCfg = Release|Any CPU
		{6A02F90F-BF8E-4717-B957-E5C41067CF40}.Release|iPhone.Build.0 = Release|Any CPU
		{6A02F90F-BF8E-4717-B957-E5C41067CF40}.Release|iPhone.Deploy.0 = Release|Any CPU
		{6A02F90F-BF8E-4717-B957-E5C41067CF40}.Release|iPhoneSimulator.ActiveCfg = Release|Any CPU
		{6A02F90F-BF8E-4717-B957-E5C41067CF40}.Release|iPhoneSimulator.Build.0 = Release|Any CPU
		{6A02F90F-BF8E-4717-B957-E5C41067CF40}.Release|iPhoneSimulator.Deploy.0 = Release|Any CPU
		{6A02F90F-BF8E-4717-B957-E5C41067CF40}.Release|x86.ActiveCfg = Release|Any CPU
		{6A02F90F-BF8E-4717-B957-E5C41067CF40}.Release|x86.Build.0 = Release|Any CPU
		{6A02F90F-BF8E-4717-B957-E5C41067CF40}.Release|x86.Deploy.0 = Release|Any CPU
		{00E9C10D-BDA5-42E0-9143-5381A31359D9}.Debug|Any CPU.ActiveCfg = Debug|iPhone
		{00E9C10D-BDA5-42E0-9143-5381A31359D9}.Debug|ARM.ActiveCfg = Debug|iPhone
		{00E9C10D-BDA5-42E0-9143-5381A31359D9}.Debug|iPhone.ActiveCfg = Debug|iPhone
		{00E9C10D-BDA5-42E0-9143-5381A31359D9}.Debug|iPhone.Build.0 = Debug|iPhone
		{00E9C10D-BDA5-42E0-9143-5381A31359D9}.Debug|iPhoneSimulator.ActiveCfg = Debug|iPhoneSimulator
		{00E9C10D-BDA5-42E0-9143-5381A31359D9}.Debug|iPhoneSimulator.Build.0 = Debug|iPhoneSimulator
		{00E9C10D-BDA5-42E0-9143-5381A31359D9}.Debug|x86.ActiveCfg = Debug|iPhone
		{00E9C10D-BDA5-42E0-9143-5381A31359D9}.Release|Any CPU.ActiveCfg = Release|iPhone
		{00E9C10D-BDA5-42E0-9143-5381A31359D9}.Release|ARM.ActiveCfg = Release|iPhone
		{00E9C10D-BDA5-42E0-9143-5381A31359D9}.Release|iPhone.ActiveCfg = Release|iPhone
		{00E9C10D-BDA5-42E0-9143-5381A31359D9}.Release|iPhone.Build.0 = Release|iPhone
		{00E9C10D-BDA5-42E0-9143-5381A31359D9}.Release|iPhoneSimulator.ActiveCfg = Release|iPhoneSimulator
		{00E9C10D-BDA5-42E0-9143-5381A31359D9}.Release|iPhoneSimulator.Build.0 = Release|iPhoneSimulator
		{00E9C10D-BDA5-42E0-9143-5381A31359D9}.Release|x86.ActiveCfg = Release|iPhone
		{98D92EE1-3000-4F72-85A2-F4DB04CCC552}.Debug|Any CPU.ActiveCfg = Debug|Any CPU
		{98D92EE1-3000-4F72-85A2-F4DB04CCC552}.Debug|Any CPU.Build.0 = Debug|Any CPU
		{98D92EE1-3000-4F72-85A2-F4DB04CCC552}.Debug|Any CPU.Deploy.0 = Debug|Any CPU
		{98D92EE1-3000-4F72-85A2-F4DB04CCC552}.Debug|ARM.ActiveCfg = Debug|ARM
		{98D92EE1-3000-4F72-85A2-F4DB04CCC552}.Debug|ARM.Build.0 = Debug|ARM
		{98D92EE1-3000-4F72-85A2-F4DB04CCC552}.Debug|ARM.Deploy.0 = Debug|ARM
		{98D92EE1-3000-4F72-85A2-F4DB04CCC552}.Debug|iPhone.ActiveCfg = Debug|Any CPU
		{98D92EE1-3000-4F72-85A2-F4DB04CCC552}.Debug|iPhone.Build.0 = Debug|Any CPU
		{98D92EE1-3000-4F72-85A2-F4DB04CCC552}.Debug|iPhone.Deploy.0 = Debug|Any CPU
		{98D92EE1-3000-4F72-85A2-F4DB04CCC552}.Debug|iPhoneSimulator.ActiveCfg = Debug|Any CPU
		{98D92EE1-3000-4F72-85A2-F4DB04CCC552}.Debug|iPhoneSimulator.Build.0 = Debug|Any CPU
		{98D92EE1-3000-4F72-85A2-F4DB04CCC552}.Debug|iPhoneSimulator.Deploy.0 = Debug|Any CPU
		{98D92EE1-3000-4F72-85A2-F4DB04CCC552}.Debug|x86.ActiveCfg = Debug|x86
		{98D92EE1-3000-4F72-85A2-F4DB04CCC552}.Debug|x86.Build.0 = Debug|x86
		{98D92EE1-3000-4F72-85A2-F4DB04CCC552}.Debug|x86.Deploy.0 = Debug|x86
		{98D92EE1-3000-4F72-85A2-F4DB04CCC552}.Release|Any CPU.ActiveCfg = Release|Any CPU
		{98D92EE1-3000-4F72-85A2-F4DB04CCC552}.Release|Any CPU.Build.0 = Release|Any CPU
		{98D92EE1-3000-4F72-85A2-F4DB04CCC552}.Release|Any CPU.Deploy.0 = Release|Any CPU
		{98D92EE1-3000-4F72-85A2-F4DB04CCC552}.Release|ARM.ActiveCfg = Release|ARM
		{98D92EE1-3000-4F72-85A2-F4DB04CCC552}.Release|ARM.Build.0 = Release|ARM
		{98D92EE1-3000-4F72-85A2-F4DB04CCC552}.Release|ARM.Deploy.0 = Release|ARM
		{98D92EE1-3000-4F72-85A2-F4DB04CCC552}.Release|iPhone.ActiveCfg = Release|Any CPU
		{98D92EE1-3000-4F72-85A2-F4DB04CCC552}.Release|iPhone.Build.0 = Release|Any CPU
		{98D92EE1-3000-4F72-85A2-F4DB04CCC552}.Release|iPhone.Deploy.0 = Release|Any CPU
		{98D92EE1-3000-4F72-85A2-F4DB04CCC552}.Release|iPhoneSimulator.ActiveCfg = Release|Any CPU
		{98D92EE1-3000-4F72-85A2-F4DB04CCC552}.Release|iPhoneSimulator.Build.0 = Release|Any CPU
		{98D92EE1-3000-4F72-85A2-F4DB04CCC552}.Release|iPhoneSimulator.Deploy.0 = Release|Any CPU
		{98D92EE1-3000-4F72-85A2-F4DB04CCC552}.Release|x86.ActiveCfg = Release|x86
		{98D92EE1-3000-4F72-85A2-F4DB04CCC552}.Release|x86.Build.0 = Release|x86
		{98D92EE1-3000-4F72-85A2-F4DB04CCC552}.Release|x86.Deploy.0 = Release|x86
	EndGlobalSection
	GlobalSection(SolutionProperties) = preSolution
		HideSolutionNode = FALSE
	EndGlobalSection
EndGlobal
