
Microsoft Visual Studio Solution File, Format Version 12.00
# Visual Studio 14
VisualStudioVersion = 14.0.25420.1
MinimumVisualStudioVersion = 10.0.40219.1
Project("{FAE04EC0-301F-11D3-BF4B-00C04F79EFBC}") = "FutebolTempoRealApp.Droid", "FutebolTempoRealApp\FutebolTempoRealApp.Droid\FutebolTempoRealApp.Droid.csproj", "{6A02F90F-BF8E-4717-B957-E5C41067CF40}"
EndProject
Project("{FAE04EC0-301F-11D3-BF4B-00C04F79EFBC}") = "FutebolTempoRealApp.iOS", "FutebolTempoRealApp\FutebolTempoRealApp.iOS\FutebolTempoRealApp.iOS.csproj", "{00E9C10D-BDA5-42E0-9143-5381A31359D9}"
EndProject
Project("{FAE04EC0-301F-11D3-BF4B-00C04F79EFBC}") = "FutebolTempoRealApp.WinPhone", "FutebolTempoRealApp\FutebolTempoRealApp.WinPhone\FutebolTempoRealApp.WinPhone.csproj", "{98D92EE1-3000-4F72-85A2-F4DB04CCC552}"
EndProject
Project("{D954291E-2A0B-460D-934E-DC6B0785DB48}") = "FutebolTempoRealApp", "FutebolTempoRealApp\FutebolTempoRealApp\FutebolTempoRealApp.shproj", "{88B2A37D-69B1-4D3C-9485-821219AF778A}"
EndProject
Project("{FAE04EC0-301F-11D3-BF4B-00C04F79EFBC}") = "FutebolTempoRealApp.UWP", "FutebolTempoRealApp.UWP\FutebolTempoRealApp.UWP.csproj", "{272ED2C9-BC0E-4CE0-A730-5839EEA26527}"
EndProject
Project("{FAE04EC0-301F-11D3-BF4B-00C04F79EFBC}") = "FutebolTempoRealApp.Manager", "FutebolTempoRealApp.Manager\FutebolTempoRealApp.Manager.csproj", "{B42C4FEF-8A94-47AD-9D7E-8D6BA9B3E05B}"
EndProject
Global
	GlobalSection(SharedMSBuildProjectFiles) = preSolution
		FutebolTempoRealApp\FutebolTempoRealApp\FutebolTempoRealApp.projitems*{00e9c10d-bda5-42e0-9143-5381a31359d9}*SharedItemsImports = 4
		FutebolTempoRealApp\FutebolTempoRealApp\FutebolTempoRealApp.projitems*{6a02f90f-bf8e-4717-b957-e5c41067cf40}*SharedItemsImports = 4
		FutebolTempoRealApp\FutebolTempoRealApp\FutebolTempoRealApp.projitems*{88b2a37d-69b1-4d3c-9485-821219af778a}*SharedItemsImports = 13
		FutebolTempoRealApp\FutebolTempoRealApp\FutebolTempoRealApp.projitems*{98d92ee1-3000-4f72-85a2-f4db04ccc552}*SharedItemsImports = 4
	EndGlobalSection
	GlobalSection(SolutionConfigurationPlatforms) = preSolution
		Ad-Hoc|Any CPU = Ad-Hoc|Any CPU
		Ad-Hoc|ARM = Ad-Hoc|ARM
		Ad-Hoc|iPhone = Ad-Hoc|iPhone
		Ad-Hoc|iPhoneSimulator = Ad-Hoc|iPhoneSimulator
		Ad-Hoc|x64 = Ad-Hoc|x64
		Ad-Hoc|x86 = Ad-Hoc|x86
		AppStore|Any CPU = AppStore|Any CPU
		AppStore|ARM = AppStore|ARM
		AppStore|iPhone = AppStore|iPhone
		AppStore|iPhoneSimulator = AppStore|iPhoneSimulator
		AppStore|x64 = AppStore|x64
		AppStore|x86 = AppStore|x86
		Debug|Any CPU = Debug|Any CPU
		Debug|ARM = Debug|ARM
		Debug|iPhone = Debug|iPhone
		Debug|iPhoneSimulator = Debug|iPhoneSimulator
		Debug|x64 = Debug|x64
		Debug|x86 = Debug|x86
		Release|Any CPU = Release|Any CPU
		Release|ARM = Release|ARM
		Release|iPhone = Release|iPhone
		Release|iPhoneSimulator = Release|iPhoneSimulator
		Release|x64 = Release|x64
		Release|x86 = Release|x86
	EndGlobalSection
	GlobalSection(ProjectConfigurationPlatforms) = postSolution
		{6A02F90F-BF8E-4717-B957-E5C41067CF40}.Ad-Hoc|Any CPU.ActiveCfg = Release|Any CPU
		{6A02F90F-BF8E-4717-B957-E5C41067CF40}.Ad-Hoc|Any CPU.Build.0 = Release|Any CPU
		{6A02F90F-BF8E-4717-B957-E5C41067CF40}.Ad-Hoc|Any CPU.Deploy.0 = Release|Any CPU
		{6A02F90F-BF8E-4717-B957-E5C41067CF40}.Ad-Hoc|ARM.ActiveCfg = Release|Any CPU
		{6A02F90F-BF8E-4717-B957-E5C41067CF40}.Ad-Hoc|ARM.Build.0 = Release|Any CPU
		{6A02F90F-BF8E-4717-B957-E5C41067CF40}.Ad-Hoc|ARM.Deploy.0 = Release|Any CPU
		{6A02F90F-BF8E-4717-B957-E5C41067CF40}.Ad-Hoc|iPhone.ActiveCfg = Release|Any CPU
		{6A02F90F-BF8E-4717-B957-E5C41067CF40}.Ad-Hoc|iPhone.Build.0 = Release|Any CPU
		{6A02F90F-BF8E-4717-B957-E5C41067CF40}.Ad-Hoc|iPhone.Deploy.0 = Release|Any CPU
		{6A02F90F-BF8E-4717-B957-E5C41067CF40}.Ad-Hoc|iPhoneSimulator.ActiveCfg = Release|Any CPU
		{6A02F90F-BF8E-4717-B957-E5C41067CF40}.Ad-Hoc|iPhoneSimulator.Build.0 = Release|Any CPU
		{6A02F90F-BF8E-4717-B957-E5C41067CF40}.Ad-Hoc|iPhoneSimulator.Deploy.0 = Release|Any CPU
		{6A02F90F-BF8E-4717-B957-E5C41067CF40}.Ad-Hoc|x64.ActiveCfg = Release|Any CPU
		{6A02F90F-BF8E-4717-B957-E5C41067CF40}.Ad-Hoc|x64.Build.0 = Release|Any CPU
		{6A02F90F-BF8E-4717-B957-E5C41067CF40}.Ad-Hoc|x64.Deploy.0 = Release|Any CPU
		{6A02F90F-BF8E-4717-B957-E5C41067CF40}.Ad-Hoc|x86.ActiveCfg = Release|Any CPU
		{6A02F90F-BF8E-4717-B957-E5C41067CF40}.Ad-Hoc|x86.Build.0 = Release|Any CPU
		{6A02F90F-BF8E-4717-B957-E5C41067CF40}.Ad-Hoc|x86.Deploy.0 = Release|Any CPU
		{6A02F90F-BF8E-4717-B957-E5C41067CF40}.AppStore|Any CPU.ActiveCfg = Release|Any CPU
		{6A02F90F-BF8E-4717-B957-E5C41067CF40}.AppStore|Any CPU.Build.0 = Release|Any CPU
		{6A02F90F-BF8E-4717-B957-E5C41067CF40}.AppStore|Any CPU.Deploy.0 = Release|Any CPU
		{6A02F90F-BF8E-4717-B957-E5C41067CF40}.AppStore|ARM.ActiveCfg = Release|Any CPU
		{6A02F90F-BF8E-4717-B957-E5C41067CF40}.AppStore|ARM.Build.0 = Release|Any CPU
		{6A02F90F-BF8E-4717-B957-E5C41067CF40}.AppStore|ARM.Deploy.0 = Release|Any CPU
		{6A02F90F-BF8E-4717-B957-E5C41067CF40}.AppStore|iPhone.ActiveCfg = Release|Any CPU
		{6A02F90F-BF8E-4717-B957-E5C41067CF40}.AppStore|iPhone.Build.0 = Release|Any CPU
		{6A02F90F-BF8E-4717-B957-E5C41067CF40}.AppStore|iPhone.Deploy.0 = Release|Any CPU
		{6A02F90F-BF8E-4717-B957-E5C41067CF40}.AppStore|iPhoneSimulator.ActiveCfg = Release|Any CPU
		{6A02F90F-BF8E-4717-B957-E5C41067CF40}.AppStore|iPhoneSimulator.Build.0 = Release|Any CPU
		{6A02F90F-BF8E-4717-B957-E5C41067CF40}.AppStore|iPhoneSimulator.Deploy.0 = Release|Any CPU
		{6A02F90F-BF8E-4717-B957-E5C41067CF40}.AppStore|x64.ActiveCfg = Release|Any CPU
		{6A02F90F-BF8E-4717-B957-E5C41067CF40}.AppStore|x64.Build.0 = Release|Any CPU
		{6A02F90F-BF8E-4717-B957-E5C41067CF40}.AppStore|x64.Deploy.0 = Release|Any CPU
		{6A02F90F-BF8E-4717-B957-E5C41067CF40}.AppStore|x86.ActiveCfg = Release|Any CPU
		{6A02F90F-BF8E-4717-B957-E5C41067CF40}.AppStore|x86.Build.0 = Release|Any CPU
		{6A02F90F-BF8E-4717-B957-E5C41067CF40}.AppStore|x86.Deploy.0 = Release|Any CPU
		{6A02F90F-BF8E-4717-B957-E5C41067CF40}.Debug|Any CPU.ActiveCfg = Debug|Any CPU
		{6A02F90F-BF8E-4717-B957-E5C41067CF40}.Debug|Any CPU.Build.0 = Debug|Any CPU
		{6A02F90F-BF8E-4717-B957-E5C41067CF40}.Debug|Any CPU.Deploy.0 = Debug|Any CPU
		{6A02F90F-BF8E-4717-B957-E5C41067CF40}.Debug|ARM.ActiveCfg = Debug|Any CPU
		{6A02F90F-BF8E-4717-B957-E5C41067CF40}.Debug|ARM.Build.0 = Debug|Any CPU
		{6A02F90F-BF8E-4717-B957-E5C41067CF40}.Debug|ARM.Deploy.0 = Debug|Any CPU
		{6A02F90F-BF8E-4717-B957-E5C41067CF40}.Debug|iPhone.ActiveCfg = Debug|Any CPU
		{6A02F90F-BF8E-4717-B957-E5C41067CF40}.Debug|iPhone.Build.0 = Debug|Any CPU
		{6A02F90F-BF8E-4717-B957-E5C41067CF40}.Debug|iPhone.Deploy.0 = Debug|Any CPU
		{6A02F90F-BF8E-4717-B957-E5C41067CF40}.Debug|iPhoneSimulator.ActiveCfg = Debug|Any CPU
		{6A02F90F-BF8E-4717-B957-E5C41067CF40}.Debug|iPhoneSimulator.Build.0 = Debug|Any CPU
		{6A02F90F-BF8E-4717-B957-E5C41067CF40}.Debug|iPhoneSimulator.Deploy.0 = Debug|Any CPU
		{6A02F90F-BF8E-4717-B957-E5C41067CF40}.Debug|x64.ActiveCfg = Debug|Any CPU
		{6A02F90F-BF8E-4717-B957-E5C41067CF40}.Debug|x64.Build.0 = Debug|Any CPU
		{6A02F90F-BF8E-4717-B957-E5C41067CF40}.Debug|x64.Deploy.0 = Debug|Any CPU
		{6A02F90F-BF8E-4717-B957-E5C41067CF40}.Debug|x86.ActiveCfg = Debug|Any CPU
		{6A02F90F-BF8E-4717-B957-E5C41067CF40}.Debug|x86.Build.0 = Debug|Any CPU
		{6A02F90F-BF8E-4717-B957-E5C41067CF40}.Debug|x86.Deploy.0 = Debug|Any CPU
		{6A02F90F-BF8E-4717-B957-E5C41067CF40}.Release|Any CPU.ActiveCfg = Release|Any CPU
		{6A02F90F-BF8E-4717-B957-E5C41067CF40}.Release|Any CPU.Build.0 = Release|Any CPU
		{6A02F90F-BF8E-4717-B957-E5C41067CF40}.Release|Any CPU.Deploy.0 = Release|Any CPU
		{6A02F90F-BF8E-4717-B957-E5C41067CF40}.Release|ARM.ActiveCfg = Release|Any CPU
		{6A02F90F-BF8E-4717-B957-E5C41067CF40}.Release|ARM.Build.0 = Release|Any CPU
		{6A02F90F-BF8E-4717-B957-E5C41067CF40}.Release|ARM.Deploy.0 = Release|Any CPU
		{6A02F90F-BF8E-4717-B957-E5C41067CF40}.Release|iPhone.ActiveCfg = Release|Any CPU
		{6A02F90F-BF8E-4717-B957-E5C41067CF40}.Release|iPhone.Build.0 = Release|Any CPU
		{6A02F90F-BF8E-4717-B957-E5C41067CF40}.Release|iPhone.Deploy.0 = Release|Any CPU
		{6A02F90F-BF8E-4717-B957-E5C41067CF40}.Release|iPhoneSimulator.ActiveCfg = Release|Any CPU
		{6A02F90F-BF8E-4717-B957-E5C41067CF40}.Release|iPhoneSimulator.Build.0 = Release|Any CPU
		{6A02F90F-BF8E-4717-B957-E5C41067CF40}.Release|iPhoneSimulator.Deploy.0 = Release|Any CPU
		{6A02F90F-BF8E-4717-B957-E5C41067CF40}.Release|x64.ActiveCfg = Release|Any CPU
		{6A02F90F-BF8E-4717-B957-E5C41067CF40}.Release|x64.Build.0 = Release|Any CPU
		{6A02F90F-BF8E-4717-B957-E5C41067CF40}.Release|x64.Deploy.0 = Release|Any CPU
		{6A02F90F-BF8E-4717-B957-E5C41067CF40}.Release|x86.ActiveCfg = Release|Any CPU
		{6A02F90F-BF8E-4717-B957-E5C41067CF40}.Release|x86.Build.0 = Release|Any CPU
		{6A02F90F-BF8E-4717-B957-E5C41067CF40}.Release|x86.Deploy.0 = Release|Any CPU
		{00E9C10D-BDA5-42E0-9143-5381A31359D9}.Ad-Hoc|Any CPU.ActiveCfg = Release|iPhoneSimulator
		{00E9C10D-BDA5-42E0-9143-5381A31359D9}.Ad-Hoc|Any CPU.Build.0 = Release|iPhoneSimulator
		{00E9C10D-BDA5-42E0-9143-5381A31359D9}.Ad-Hoc|ARM.ActiveCfg = Release|iPhoneSimulator
		{00E9C10D-BDA5-42E0-9143-5381A31359D9}.Ad-Hoc|ARM.Build.0 = Release|iPhoneSimulator
		{00E9C10D-BDA5-42E0-9143-5381A31359D9}.Ad-Hoc|iPhone.ActiveCfg = Release|iPhone
		{00E9C10D-BDA5-42E0-9143-5381A31359D9}.Ad-Hoc|iPhone.Build.0 = Release|iPhone
		{00E9C10D-BDA5-42E0-9143-5381A31359D9}.Ad-Hoc|iPhoneSimulator.ActiveCfg = Release|iPhoneSimulator
		{00E9C10D-BDA5-42E0-9143-5381A31359D9}.Ad-Hoc|iPhoneSimulator.Build.0 = Release|iPhoneSimulator
		{00E9C10D-BDA5-42E0-9143-5381A31359D9}.Ad-Hoc|x64.ActiveCfg = Release|iPhoneSimulator
		{00E9C10D-BDA5-42E0-9143-5381A31359D9}.Ad-Hoc|x64.Build.0 = Release|iPhoneSimulator
		{00E9C10D-BDA5-42E0-9143-5381A31359D9}.Ad-Hoc|x86.ActiveCfg = Release|iPhoneSimulator
		{00E9C10D-BDA5-42E0-9143-5381A31359D9}.Ad-Hoc|x86.Build.0 = Release|iPhoneSimulator
		{00E9C10D-BDA5-42E0-9143-5381A31359D9}.AppStore|Any CPU.ActiveCfg = Release|iPhoneSimulator
		{00E9C10D-BDA5-42E0-9143-5381A31359D9}.AppStore|Any CPU.Build.0 = Release|iPhoneSimulator
		{00E9C10D-BDA5-42E0-9143-5381A31359D9}.AppStore|ARM.ActiveCfg = Release|iPhoneSimulator
		{00E9C10D-BDA5-42E0-9143-5381A31359D9}.AppStore|ARM.Build.0 = Release|iPhoneSimulator
		{00E9C10D-BDA5-42E0-9143-5381A31359D9}.AppStore|iPhone.ActiveCfg = Release|iPhone
		{00E9C10D-BDA5-42E0-9143-5381A31359D9}.AppStore|iPhone.Build.0 = Release|iPhone
		{00E9C10D-BDA5-42E0-9143-5381A31359D9}.AppStore|iPhoneSimulator.ActiveCfg = Release|iPhoneSimulator
		{00E9C10D-BDA5-42E0-9143-5381A31359D9}.AppStore|iPhoneSimulator.Build.0 = Release|iPhoneSimulator
		{00E9C10D-BDA5-42E0-9143-5381A31359D9}.AppStore|x64.ActiveCfg = Release|iPhoneSimulator
		{00E9C10D-BDA5-42E0-9143-5381A31359D9}.AppStore|x64.Build.0 = Release|iPhoneSimulator
		{00E9C10D-BDA5-42E0-9143-5381A31359D9}.AppStore|x86.ActiveCfg = Release|iPhoneSimulator
		{00E9C10D-BDA5-42E0-9143-5381A31359D9}.AppStore|x86.Build.0 = Release|iPhoneSimulator
		{00E9C10D-BDA5-42E0-9143-5381A31359D9}.Debug|Any CPU.ActiveCfg = Debug|iPhone
		{00E9C10D-BDA5-42E0-9143-5381A31359D9}.Debug|ARM.ActiveCfg = Debug|iPhone
		{00E9C10D-BDA5-42E0-9143-5381A31359D9}.Debug|iPhone.ActiveCfg = Debug|iPhone
		{00E9C10D-BDA5-42E0-9143-5381A31359D9}.Debug|iPhone.Build.0 = Debug|iPhone
		{00E9C10D-BDA5-42E0-9143-5381A31359D9}.Debug|iPhoneSimulator.ActiveCfg = Debug|iPhoneSimulator
		{00E9C10D-BDA5-42E0-9143-5381A31359D9}.Debug|iPhoneSimulator.Build.0 = Debug|iPhoneSimulator
		{00E9C10D-BDA5-42E0-9143-5381A31359D9}.Debug|x64.ActiveCfg = Debug|iPhoneSimulator
		{00E9C10D-BDA5-42E0-9143-5381A31359D9}.Debug|x86.ActiveCfg = Debug|iPhone
		{00E9C10D-BDA5-42E0-9143-5381A31359D9}.Release|Any CPU.ActiveCfg = Release|iPhone
		{00E9C10D-BDA5-42E0-9143-5381A31359D9}.Release|ARM.ActiveCfg = Release|iPhone
		{00E9C10D-BDA5-42E0-9143-5381A31359D9}.Release|iPhone.ActiveCfg = Release|iPhone
		{00E9C10D-BDA5-42E0-9143-5381A31359D9}.Release|iPhone.Build.0 = Release|iPhone
		{00E9C10D-BDA5-42E0-9143-5381A31359D9}.Release|iPhoneSimulator.ActiveCfg = Release|iPhoneSimulator
		{00E9C10D-BDA5-42E0-9143-5381A31359D9}.Release|iPhoneSimulator.Build.0 = Release|iPhoneSimulator
		{00E9C10D-BDA5-42E0-9143-5381A31359D9}.Release|x64.ActiveCfg = Release|iPhoneSimulator
		{00E9C10D-BDA5-42E0-9143-5381A31359D9}.Release|x86.ActiveCfg = Release|iPhone
		{98D92EE1-3000-4F72-85A2-F4DB04CCC552}.Ad-Hoc|Any CPU.ActiveCfg = Release|Any CPU
		{98D92EE1-3000-4F72-85A2-F4DB04CCC552}.Ad-Hoc|Any CPU.Build.0 = Release|Any CPU
		{98D92EE1-3000-4F72-85A2-F4DB04CCC552}.Ad-Hoc|Any CPU.Deploy.0 = Release|Any CPU
		{98D92EE1-3000-4F72-85A2-F4DB04CCC552}.Ad-Hoc|ARM.ActiveCfg = Release|ARM
		{98D92EE1-3000-4F72-85A2-F4DB04CCC552}.Ad-Hoc|ARM.Build.0 = Release|ARM
		{98D92EE1-3000-4F72-85A2-F4DB04CCC552}.Ad-Hoc|ARM.Deploy.0 = Release|ARM
		{98D92EE1-3000-4F72-85A2-F4DB04CCC552}.Ad-Hoc|iPhone.ActiveCfg = Release|Any CPU
		{98D92EE1-3000-4F72-85A2-F4DB04CCC552}.Ad-Hoc|iPhone.Build.0 = Release|Any CPU
		{98D92EE1-3000-4F72-85A2-F4DB04CCC552}.Ad-Hoc|iPhone.Deploy.0 = Release|Any CPU
		{98D92EE1-3000-4F72-85A2-F4DB04CCC552}.Ad-Hoc|iPhoneSimulator.ActiveCfg = Release|Any CPU
		{98D92EE1-3000-4F72-85A2-F4DB04CCC552}.Ad-Hoc|iPhoneSimulator.Build.0 = Release|Any CPU
		{98D92EE1-3000-4F72-85A2-F4DB04CCC552}.Ad-Hoc|iPhoneSimulator.Deploy.0 = Release|Any CPU
		{98D92EE1-3000-4F72-85A2-F4DB04CCC552}.Ad-Hoc|x64.ActiveCfg = Release|Any CPU
		{98D92EE1-3000-4F72-85A2-F4DB04CCC552}.Ad-Hoc|x64.Build.0 = Release|Any CPU
		{98D92EE1-3000-4F72-85A2-F4DB04CCC552}.Ad-Hoc|x64.Deploy.0 = Release|Any CPU
		{98D92EE1-3000-4F72-85A2-F4DB04CCC552}.Ad-Hoc|x86.ActiveCfg = Release|x86
		{98D92EE1-3000-4F72-85A2-F4DB04CCC552}.Ad-Hoc|x86.Build.0 = Release|x86
		{98D92EE1-3000-4F72-85A2-F4DB04CCC552}.Ad-Hoc|x86.Deploy.0 = Release|x86
		{98D92EE1-3000-4F72-85A2-F4DB04CCC552}.AppStore|Any CPU.ActiveCfg = Release|Any CPU
		{98D92EE1-3000-4F72-85A2-F4DB04CCC552}.AppStore|Any CPU.Build.0 = Release|Any CPU
		{98D92EE1-3000-4F72-85A2-F4DB04CCC552}.AppStore|Any CPU.Deploy.0 = Release|Any CPU
		{98D92EE1-3000-4F72-85A2-F4DB04CCC552}.AppStore|ARM.ActiveCfg = Release|ARM
		{98D92EE1-3000-4F72-85A2-F4DB04CCC552}.AppStore|ARM.Build.0 = Release|ARM
		{98D92EE1-3000-4F72-85A2-F4DB04CCC552}.AppStore|ARM.Deploy.0 = Release|ARM
		{98D92EE1-3000-4F72-85A2-F4DB04CCC552}.AppStore|iPhone.ActiveCfg = Release|Any CPU
		{98D92EE1-3000-4F72-85A2-F4DB04CCC552}.AppStore|iPhone.Build.0 = Release|Any CPU
		{98D92EE1-3000-4F72-85A2-F4DB04CCC552}.AppStore|iPhone.Deploy.0 = Release|Any CPU
		{98D92EE1-3000-4F72-85A2-F4DB04CCC552}.AppStore|iPhoneSimulator.ActiveCfg = Release|Any CPU
		{98D92EE1-3000-4F72-85A2-F4DB04CCC552}.AppStore|iPhoneSimulator.Build.0 = Release|Any CPU
		{98D92EE1-3000-4F72-85A2-F4DB04CCC552}.AppStore|iPhoneSimulator.Deploy.0 = Release|Any CPU
		{98D92EE1-3000-4F72-85A2-F4DB04CCC552}.AppStore|x64.ActiveCfg = Release|Any CPU
		{98D92EE1-3000-4F72-85A2-F4DB04CCC552}.AppStore|x64.Build.0 = Release|Any CPU
		{98D92EE1-3000-4F72-85A2-F4DB04CCC552}.AppStore|x64.Deploy.0 = Release|Any CPU
		{98D92EE1-3000-4F72-85A2-F4DB04CCC552}.AppStore|x86.ActiveCfg = Release|x86
		{98D92EE1-3000-4F72-85A2-F4DB04CCC552}.AppStore|x86.Build.0 = Release|x86
		{98D92EE1-3000-4F72-85A2-F4DB04CCC552}.AppStore|x86.Deploy.0 = Release|x86
		{98D92EE1-3000-4F72-85A2-F4DB04CCC552}.Debug|Any CPU.ActiveCfg = Debug|Any CPU
		{98D92EE1-3000-4F72-85A2-F4DB04CCC552}.Debug|Any CPU.Build.0 = Debug|Any CPU
		{98D92EE1-3000-4F72-85A2-F4DB04CCC552}.Debug|Any CPU.Deploy.0 = Debug|Any CPU
		{98D92EE1-3000-4F72-85A2-F4DB04CCC552}.Debug|ARM.ActiveCfg = Debug|ARM
		{98D92EE1-3000-4F72-85A2-F4DB04CCC552}.Debug|ARM.Build.0 = Debug|ARM
		{98D92EE1-3000-4F72-85A2-F4DB04CCC552}.Debug|ARM.Deploy.0 = Debug|ARM
		{98D92EE1-3000-4F72-85A2-F4DB04CCC552}.Debug|iPhone.ActiveCfg = Debug|Any CPU
		{98D92EE1-3000-4F72-85A2-F4DB04CCC552}.Debug|iPhone.Build.0 = Debug|Any CPU
		{98D92EE1-3000-4F72-85A2-F4DB04CCC552}.Debug|iPhone.Deploy.0 = Debug|Any CPU
		{98D92EE1-3000-4F72-85A2-F4DB04CCC552}.Debug|iPhoneSimulator.ActiveCfg = Debug|Any CPU
		{98D92EE1-3000-4F72-85A2-F4DB04CCC552}.Debug|iPhoneSimulator.Build.0 = Debug|Any CPU
		{98D92EE1-3000-4F72-85A2-F4DB04CCC552}.Debug|iPhoneSimulator.Deploy.0 = Debug|Any CPU
		{98D92EE1-3000-4F72-85A2-F4DB04CCC552}.Debug|x64.ActiveCfg = Debug|Any CPU
		{98D92EE1-3000-4F72-85A2-F4DB04CCC552}.Debug|x64.Build.0 = Debug|Any CPU
		{98D92EE1-3000-4F72-85A2-F4DB04CCC552}.Debug|x64.Deploy.0 = Debug|Any CPU
		{98D92EE1-3000-4F72-85A2-F4DB04CCC552}.Debug|x86.ActiveCfg = Debug|x86
		{98D92EE1-3000-4F72-85A2-F4DB04CCC552}.Debug|x86.Build.0 = Debug|x86
		{98D92EE1-3000-4F72-85A2-F4DB04CCC552}.Debug|x86.Deploy.0 = Debug|x86
		{98D92EE1-3000-4F72-85A2-F4DB04CCC552}.Release|Any CPU.ActiveCfg = Release|Any CPU
		{98D92EE1-3000-4F72-85A2-F4DB04CCC552}.Release|Any CPU.Build.0 = Release|Any CPU
		{98D92EE1-3000-4F72-85A2-F4DB04CCC552}.Release|Any CPU.Deploy.0 = Release|Any CPU
		{98D92EE1-3000-4F72-85A2-F4DB04CCC552}.Release|ARM.ActiveCfg = Release|ARM
		{98D92EE1-3000-4F72-85A2-F4DB04CCC552}.Release|ARM.Build.0 = Release|ARM
		{98D92EE1-3000-4F72-85A2-F4DB04CCC552}.Release|ARM.Deploy.0 = Release|ARM
		{98D92EE1-3000-4F72-85A2-F4DB04CCC552}.Release|iPhone.ActiveCfg = Release|Any CPU
		{98D92EE1-3000-4F72-85A2-F4DB04CCC552}.Release|iPhone.Build.0 = Release|Any CPU
		{98D92EE1-3000-4F72-85A2-F4DB04CCC552}.Release|iPhone.Deploy.0 = Release|Any CPU
		{98D92EE1-3000-4F72-85A2-F4DB04CCC552}.Release|iPhoneSimulator.ActiveCfg = Release|Any CPU
		{98D92EE1-3000-4F72-85A2-F4DB04CCC552}.Release|iPhoneSimulator.Build.0 = Release|Any CPU
		{98D92EE1-3000-4F72-85A2-F4DB04CCC552}.Release|iPhoneSimulator.Deploy.0 = Release|Any CPU
		{98D92EE1-3000-4F72-85A2-F4DB04CCC552}.Release|x64.ActiveCfg = Release|Any CPU
		{98D92EE1-3000-4F72-85A2-F4DB04CCC552}.Release|x64.Build.0 = Release|Any CPU
		{98D92EE1-3000-4F72-85A2-F4DB04CCC552}.Release|x64.Deploy.0 = Release|Any CPU
		{98D92EE1-3000-4F72-85A2-F4DB04CCC552}.Release|x86.ActiveCfg = Release|x86
		{98D92EE1-3000-4F72-85A2-F4DB04CCC552}.Release|x86.Build.0 = Release|x86
		{98D92EE1-3000-4F72-85A2-F4DB04CCC552}.Release|x86.Deploy.0 = Release|x86
		{272ED2C9-BC0E-4CE0-A730-5839EEA26527}.Ad-Hoc|Any CPU.ActiveCfg = Release|x64
		{272ED2C9-BC0E-4CE0-A730-5839EEA26527}.Ad-Hoc|Any CPU.Build.0 = Release|x64
		{272ED2C9-BC0E-4CE0-A730-5839EEA26527}.Ad-Hoc|Any CPU.Deploy.0 = Release|x64
		{272ED2C9-BC0E-4CE0-A730-5839EEA26527}.Ad-Hoc|ARM.ActiveCfg = Release|ARM
		{272ED2C9-BC0E-4CE0-A730-5839EEA26527}.Ad-Hoc|ARM.Build.0 = Release|ARM
		{272ED2C9-BC0E-4CE0-A730-5839EEA26527}.Ad-Hoc|ARM.Deploy.0 = Release|ARM
		{272ED2C9-BC0E-4CE0-A730-5839EEA26527}.Ad-Hoc|iPhone.ActiveCfg = Release|x64
		{272ED2C9-BC0E-4CE0-A730-5839EEA26527}.Ad-Hoc|iPhone.Build.0 = Release|x64
		{272ED2C9-BC0E-4CE0-A730-5839EEA26527}.Ad-Hoc|iPhone.Deploy.0 = Release|x64
		{272ED2C9-BC0E-4CE0-A730-5839EEA26527}.Ad-Hoc|iPhoneSimulator.ActiveCfg = Release|x64
		{272ED2C9-BC0E-4CE0-A730-5839EEA26527}.Ad-Hoc|iPhoneSimulator.Build.0 = Release|x64
		{272ED2C9-BC0E-4CE0-A730-5839EEA26527}.Ad-Hoc|iPhoneSimulator.Deploy.0 = Release|x64
		{272ED2C9-BC0E-4CE0-A730-5839EEA26527}.Ad-Hoc|x64.ActiveCfg = Release|x64
		{272ED2C9-BC0E-4CE0-A730-5839EEA26527}.Ad-Hoc|x64.Build.0 = Release|x64
		{272ED2C9-BC0E-4CE0-A730-5839EEA26527}.Ad-Hoc|x64.Deploy.0 = Release|x64
		{272ED2C9-BC0E-4CE0-A730-5839EEA26527}.Ad-Hoc|x86.ActiveCfg = Release|x86
		{272ED2C9-BC0E-4CE0-A730-5839EEA26527}.Ad-Hoc|x86.Build.0 = Release|x86
		{272ED2C9-BC0E-4CE0-A730-5839EEA26527}.Ad-Hoc|x86.Deploy.0 = Release|x86
		{272ED2C9-BC0E-4CE0-A730-5839EEA26527}.AppStore|Any CPU.ActiveCfg = Release|x64
		{272ED2C9-BC0E-4CE0-A730-5839EEA26527}.AppStore|Any CPU.Build.0 = Release|x64
		{272ED2C9-BC0E-4CE0-A730-5839EEA26527}.AppStore|Any CPU.Deploy.0 = Release|x64
		{272ED2C9-BC0E-4CE0-A730-5839EEA26527}.AppStore|ARM.ActiveCfg = Release|ARM
		{272ED2C9-BC0E-4CE0-A730-5839EEA26527}.AppStore|ARM.Build.0 = Release|ARM
		{272ED2C9-BC0E-4CE0-A730-5839EEA26527}.AppStore|ARM.Deploy.0 = Release|ARM
		{272ED2C9-BC0E-4CE0-A730-5839EEA26527}.AppStore|iPhone.ActiveCfg = Release|x64
		{272ED2C9-BC0E-4CE0-A730-5839EEA26527}.AppStore|iPhone.Build.0 = Release|x64
		{272ED2C9-BC0E-4CE0-A730-5839EEA26527}.AppStore|iPhone.Deploy.0 = Release|x64
		{272ED2C9-BC0E-4CE0-A730-5839EEA26527}.AppStore|iPhoneSimulator.ActiveCfg = Release|x64
		{272ED2C9-BC0E-4CE0-A730-5839EEA26527}.AppStore|iPhoneSimulator.Build.0 = Release|x64
		{272ED2C9-BC0E-4CE0-A730-5839EEA26527}.AppStore|iPhoneSimulator.Deploy.0 = Release|x64
		{272ED2C9-BC0E-4CE0-A730-5839EEA26527}.AppStore|x64.ActiveCfg = Release|x64
		{272ED2C9-BC0E-4CE0-A730-5839EEA26527}.AppStore|x64.Build.0 = Release|x64
		{272ED2C9-BC0E-4CE0-A730-5839EEA26527}.AppStore|x64.Deploy.0 = Release|x64
		{272ED2C9-BC0E-4CE0-A730-5839EEA26527}.AppStore|x86.ActiveCfg = Release|x86
		{272ED2C9-BC0E-4CE0-A730-5839EEA26527}.AppStore|x86.Build.0 = Release|x86
		{272ED2C9-BC0E-4CE0-A730-5839EEA26527}.AppStore|x86.Deploy.0 = Release|x86
		{272ED2C9-BC0E-4CE0-A730-5839EEA26527}.Debug|Any CPU.ActiveCfg = Debug|x86
		{272ED2C9-BC0E-4CE0-A730-5839EEA26527}.Debug|ARM.ActiveCfg = Debug|ARM
		{272ED2C9-BC0E-4CE0-A730-5839EEA26527}.Debug|ARM.Build.0 = Debug|ARM
		{272ED2C9-BC0E-4CE0-A730-5839EEA26527}.Debug|ARM.Deploy.0 = Debug|ARM
		{272ED2C9-BC0E-4CE0-A730-5839EEA26527}.Debug|iPhone.ActiveCfg = Debug|x86
		{272ED2C9-BC0E-4CE0-A730-5839EEA26527}.Debug|iPhoneSimulator.ActiveCfg = Debug|x86
		{272ED2C9-BC0E-4CE0-A730-5839EEA26527}.Debug|x64.ActiveCfg = Debug|x64
		{272ED2C9-BC0E-4CE0-A730-5839EEA26527}.Debug|x64.Build.0 = Debug|x64
		{272ED2C9-BC0E-4CE0-A730-5839EEA26527}.Debug|x64.Deploy.0 = Debug|x64
		{272ED2C9-BC0E-4CE0-A730-5839EEA26527}.Debug|x86.ActiveCfg = Debug|x86
		{272ED2C9-BC0E-4CE0-A730-5839EEA26527}.Debug|x86.Build.0 = Debug|x86
		{272ED2C9-BC0E-4CE0-A730-5839EEA26527}.Debug|x86.Deploy.0 = Debug|x86
		{272ED2C9-BC0E-4CE0-A730-5839EEA26527}.Release|Any CPU.ActiveCfg = Release|x86
		{272ED2C9-BC0E-4CE0-A730-5839EEA26527}.Release|ARM.ActiveCfg = Release|ARM
		{272ED2C9-BC0E-4CE0-A730-5839EEA26527}.Release|ARM.Build.0 = Release|ARM
		{272ED2C9-BC0E-4CE0-A730-5839EEA26527}.Release|ARM.Deploy.0 = Release|ARM
		{272ED2C9-BC0E-4CE0-A730-5839EEA26527}.Release|iPhone.ActiveCfg = Release|x86
		{272ED2C9-BC0E-4CE0-A730-5839EEA26527}.Release|iPhoneSimulator.ActiveCfg = Release|x86
		{272ED2C9-BC0E-4CE0-A730-5839EEA26527}.Release|x64.ActiveCfg = Release|x64
		{272ED2C9-BC0E-4CE0-A730-5839EEA26527}.Release|x64.Build.0 = Release|x64
		{272ED2C9-BC0E-4CE0-A730-5839EEA26527}.Release|x64.Deploy.0 = Release|x64
		{272ED2C9-BC0E-4CE0-A730-5839EEA26527}.Release|x86.ActiveCfg = Release|x86
		{272ED2C9-BC0E-4CE0-A730-5839EEA26527}.Release|x86.Build.0 = Release|x86
		{272ED2C9-BC0E-4CE0-A730-5839EEA26527}.Release|x86.Deploy.0 = Release|x86
		{B42C4FEF-8A94-47AD-9D7E-8D6BA9B3E05B}.Ad-Hoc|Any CPU.ActiveCfg = Release|Any CPU
		{B42C4FEF-8A94-47AD-9D7E-8D6BA9B3E05B}.Ad-Hoc|Any CPU.Build.0 = Release|Any CPU
		{B42C4FEF-8A94-47AD-9D7E-8D6BA9B3E05B}.Ad-Hoc|ARM.ActiveCfg = Release|Any CPU
		{B42C4FEF-8A94-47AD-9D7E-8D6BA9B3E05B}.Ad-Hoc|ARM.Build.0 = Release|Any CPU
		{B42C4FEF-8A94-47AD-9D7E-8D6BA9B3E05B}.Ad-Hoc|iPhone.ActiveCfg = Release|Any CPU
		{B42C4FEF-8A94-47AD-9D7E-8D6BA9B3E05B}.Ad-Hoc|iPhone.Build.0 = Release|Any CPU
		{B42C4FEF-8A94-47AD-9D7E-8D6BA9B3E05B}.Ad-Hoc|iPhoneSimulator.ActiveCfg = Release|Any CPU
		{B42C4FEF-8A94-47AD-9D7E-8D6BA9B3E05B}.Ad-Hoc|iPhoneSimulator.Build.0 = Release|Any CPU
		{B42C4FEF-8A94-47AD-9D7E-8D6BA9B3E05B}.Ad-Hoc|x64.ActiveCfg = Release|Any CPU
		{B42C4FEF-8A94-47AD-9D7E-8D6BA9B3E05B}.Ad-Hoc|x64.Build.0 = Release|Any CPU
		{B42C4FEF-8A94-47AD-9D7E-8D6BA9B3E05B}.Ad-Hoc|x86.ActiveCfg = Release|Any CPU
		{B42C4FEF-8A94-47AD-9D7E-8D6BA9B3E05B}.Ad-Hoc|x86.Build.0 = Release|Any CPU
		{B42C4FEF-8A94-47AD-9D7E-8D6BA9B3E05B}.AppStore|Any CPU.ActiveCfg = Release|Any CPU
		{B42C4FEF-8A94-47AD-9D7E-8D6BA9B3E05B}.AppStore|Any CPU.Build.0 = Release|Any CPU
		{B42C4FEF-8A94-47AD-9D7E-8D6BA9B3E05B}.AppStore|ARM.ActiveCfg = Release|Any CPU
		{B42C4FEF-8A94-47AD-9D7E-8D6BA9B3E05B}.AppStore|ARM.Build.0 = Release|Any CPU
		{B42C4FEF-8A94-47AD-9D7E-8D6BA9B3E05B}.AppStore|iPhone.ActiveCfg = Release|Any CPU
		{B42C4FEF-8A94-47AD-9D7E-8D6BA9B3E05B}.AppStore|iPhone.Build.0 = Release|Any CPU
		{B42C4FEF-8A94-47AD-9D7E-8D6BA9B3E05B}.AppStore|iPhoneSimulator.ActiveCfg = Release|Any CPU
		{B42C4FEF-8A94-47AD-9D7E-8D6BA9B3E05B}.AppStore|iPhoneSimulator.Build.0 = Release|Any CPU
		{B42C4FEF-8A94-47AD-9D7E-8D6BA9B3E05B}.AppStore|x64.ActiveCfg = Release|Any CPU
		{B42C4FEF-8A94-47AD-9D7E-8D6BA9B3E05B}.AppStore|x64.Build.0 = Release|Any CPU
		{B42C4FEF-8A94-47AD-9D7E-8D6BA9B3E05B}.AppStore|x86.ActiveCfg = Release|Any CPU
		{B42C4FEF-8A94-47AD-9D7E-8D6BA9B3E05B}.AppStore|x86.Build.0 = Release|Any CPU
		{B42C4FEF-8A94-47AD-9D7E-8D6BA9B3E05B}.Debug|Any CPU.ActiveCfg = Debug|Any CPU
		{B42C4FEF-8A94-47AD-9D7E-8D6BA9B3E05B}.Debug|Any CPU.Build.0 = Debug|Any CPU
		{B42C4FEF-8A94-47AD-9D7E-8D6BA9B3E05B}.Debug|ARM.ActiveCfg = Debug|Any CPU
		{B42C4FEF-8A94-47AD-9D7E-8D6BA9B3E05B}.Debug|ARM.Build.0 = Debug|Any CPU
		{B42C4FEF-8A94-47AD-9D7E-8D6BA9B3E05B}.Debug|iPhone.ActiveCfg = Debug|Any CPU
		{B42C4FEF-8A94-47AD-9D7E-8D6BA9B3E05B}.Debug|iPhone.Build.0 = Debug|Any CPU
		{B42C4FEF-8A94-47AD-9D7E-8D6BA9B3E05B}.Debug|iPhoneSimulator.ActiveCfg = Debug|Any CPU
		{B42C4FEF-8A94-47AD-9D7E-8D6BA9B3E05B}.Debug|iPhoneSimulator.Build.0 = Debug|Any CPU
		{B42C4FEF-8A94-47AD-9D7E-8D6BA9B3E05B}.Debug|x64.ActiveCfg = Debug|Any CPU
		{B42C4FEF-8A94-47AD-9D7E-8D6BA9B3E05B}.Debug|x64.Build.0 = Debug|Any CPU
		{B42C4FEF-8A94-47AD-9D7E-8D6BA9B3E05B}.Debug|x86.ActiveCfg = Debug|Any CPU
		{B42C4FEF-8A94-47AD-9D7E-8D6BA9B3E05B}.Debug|x86.Build.0 = Debug|Any CPU
		{B42C4FEF-8A94-47AD-9D7E-8D6BA9B3E05B}.Release|Any CPU.ActiveCfg = Release|Any CPU
		{B42C4FEF-8A94-47AD-9D7E-8D6BA9B3E05B}.Release|Any CPU.Build.0 = Release|Any CPU
		{B42C4FEF-8A94-47AD-9D7E-8D6BA9B3E05B}.Release|ARM.ActiveCfg = Release|Any CPU
		{B42C4FEF-8A94-47AD-9D7E-8D6BA9B3E05B}.Release|ARM.Build.0 = Release|Any CPU
		{B42C4FEF-8A94-47AD-9D7E-8D6BA9B3E05B}.Release|iPhone.ActiveCfg = Release|Any CPU
		{B42C4FEF-8A94-47AD-9D7E-8D6BA9B3E05B}.Release|iPhone.Build.0 = Release|Any CPU
		{B42C4FEF-8A94-47AD-9D7E-8D6BA9B3E05B}.Release|iPhoneSimulator.ActiveCfg = Release|Any CPU
		{B42C4FEF-8A94-47AD-9D7E-8D6BA9B3E05B}.Release|iPhoneSimulator.Build.0 = Release|Any CPU
		{B42C4FEF-8A94-47AD-9D7E-8D6BA9B3E05B}.Release|x64.ActiveCfg = Release|Any CPU
		{B42C4FEF-8A94-47AD-9D7E-8D6BA9B3E05B}.Release|x64.Build.0 = Release|Any CPU
		{B42C4FEF-8A94-47AD-9D7E-8D6BA9B3E05B}.Release|x86.ActiveCfg = Release|Any CPU
		{B42C4FEF-8A94-47AD-9D7E-8D6BA9B3E05B}.Release|x86.Build.0 = Release|Any CPU
	EndGlobalSection
	GlobalSection(SolutionProperties) = preSolution
		HideSolutionNode = FALSE
	EndGlobalSection
EndGlobal
